
Microsoft Visual Studio Solution File, Format Version 12.00
# Visual Studio 2012
Project("{FAE04EC0-301F-11D3-BF4B-00C04F79EFBC}") = "Ejercicio_Interfaces", "Ejercicio_Interfaces\Ejercicio_Interfaces.csproj", "{4C5429EF-E7C1-49B0-9CAC-BC808161FEE8}"
EndProject
Project("{FAE04EC0-301F-11D3-BF4B-00C04F79EFBC}") = "Entidades", "Entidades\Entidades.csproj", "{A3AF52C4-A4DA-4598-B8EA-E48DB1FE3A21}"
EndProject
Global
	GlobalSection(SolutionConfigurationPlatforms) = preSolution
		Debug|Any CPU = Debug|Any CPU
		Release|Any CPU = Release|Any CPU
	EndGlobalSection
	GlobalSection(ProjectConfigurationPlatforms) = postSolution
		{4C5429EF-E7C1-49B0-9CAC-BC808161FEE8}.Debug|Any CPU.ActiveCfg = Debug|Any CPU
		{4C5429EF-E7C1-49B0-9CAC-BC808161FEE8}.Debug|Any CPU.Build.0 = Debug|Any CPU
		{4C5429EF-E7C1-49B0-9CAC-BC808161FEE8}.Release|Any CPU.ActiveCfg = Release|Any CPU
		{4C5429EF-E7C1-49B0-9CAC-BC808161FEE8}.Release|Any CPU.Build.0 = Release|Any CPU
		{A3AF52C4-A4DA-4598-B8EA-E48DB1FE3A21}.Debug|Any CPU.ActiveCfg = Debug|Any CPU
		{A3AF52C4-A4DA-4598-B8EA-E48DB1FE3A21}.Debug|Any CPU.Build.0 = Debug|Any CPU
		{A3AF52C4-A4DA-4598-B8EA-E48DB1FE3A21}.Release|Any CPU.ActiveCfg = Release|Any CPU
		{A3AF52C4-A4DA-4598-B8EA-E48DB1FE3A21}.Release|Any CPU.Build.0 = Release|Any CPU
	EndGlobalSection
	GlobalSection(SolutionProperties) = preSolution
		HideSolutionNode = FALSE
	EndGlobalSection
EndGlobal
